
Microsoft Visual Studio Solution File, Format Version 12.00
# Visual Studio Version 17
VisualStudioVersion = 17.9.34701.34
MinimumVisualStudioVersion = 10.0.40219.1
Project("{FAE04EC0-301F-11D3-BF4B-00C04F79EFBC}") = "Abstarct", "Abstarct.csproj", "{D4E25811-0981-41C0-B552-3EF70C641018}"
EndProject
Global
	GlobalSection(SolutionConfigurationPlatforms) = preSolution
		Debug|Any CPU = Debug|Any CPU
		Release|Any CPU = Release|Any CPU
	EndGlobalSection
	GlobalSection(ProjectConfigurationPlatforms) = postSolution
		{D4E25811-0981-41C0-B552-3EF70C641018}.Debug|Any CPU.ActiveCfg = Debug|Any CPU
		{D4E25811-0981-41C0-B552-3EF70C641018}.Debug|Any CPU.Build.0 = Debug|Any CPU
		{D4E25811-0981-41C0-B552-3EF70C641018}.Release|Any CPU.ActiveCfg = Release|Any CPU
		{D4E25811-0981-41C0-B552-3EF70C641018}.Release|Any CPU.Build.0 = Release|Any CPU
	EndGlobalSection
	GlobalSection(SolutionProperties) = preSolution
		HideSolutionNode = FALSE
	EndGlobalSection
	GlobalSection(ExtensibilityGlobals) = postSolution
		SolutionGuid = {6CCF2E66-8C3C-44E3-ADC2-7C90E54022E7}
	EndGlobalSection
EndGlobal
